// !$*UTF8*$!
{
	archiveVersion = 1;
	classes = {
	};
	objectVersion = 77;
	objects = {

/* Begin PBXBuildFile section */
		A279E9232DF6B191005CE820 /* SnapKit in Frameworks */ = {isa = PBXBuildFile; productRef = A279E9222DF6B191005CE820 /* SnapKit */; };
		A279E9732DF9550D005CE820 /* SDWebImage in Frameworks */ = {isa = PBXBuildFile; productRef = A279E9722DF9550D005CE820 /* SDWebImage */; };
		A279E9972DFBEFCB005CE820 /* API.swift in Sources */ = {isa = PBXBuildFile; fileRef = A279E97B2DFBEFCB005CE820 /* API.swift */; };
		A279E9982DFBEFCB005CE820 /* APIModelCodable.swift in Sources */ = {isa = PBXBuildFile; fileRef = A279E97C2DFBEFCB005CE820 /* APIModelCodable.swift */; };
		A279E9992DFBEFCB005CE820 /* Extensions.swift in Sources */ = {isa = PBXBuildFile; fileRef = A279E97D2DFBEFCB005CE820 /* Extensions.swift */; };
		A279E99A2DFBEFCB005CE820 /* SqliteMgr.swift in Sources */ = {isa = PBXBuildFile; fileRef = A279E97E2DFBEFCB005CE820 /* SqliteMgr.swift */; };
		A279E99B2DFBEFCB005CE820 /* Repositories.swift in Sources */ = {isa = PBXBuildFile; fileRef = A279E9802DFBEFCB005CE820 /* Repositories.swift */; };
		A279E99C2DFBEFCB005CE820 /* SearchHistory.swift in Sources */ = {isa = PBXBuildFile; fileRef = A279E9812DFBEFCB005CE820 /* SearchHistory.swift */; };
		A279E99D2DFBEFCB005CE820 /* AutoCompleteCell.swift in Sources */ = {isa = PBXBuildFile; fileRef = A279E98A2DFBEFCB005CE820 /* AutoCompleteCell.swift */; };
		A279E99E2DFBEFCB005CE820 /* SearchHistoryCell.swift in Sources */ = {isa = PBXBuildFile; fileRef = A279E98B2DFBEFCB005CE820 /* SearchHistoryCell.swift */; };
		A279E99F2DFBEFCB005CE820 /* SearchHistoryView.swift in Sources */ = {isa = PBXBuildFile; fileRef = A279E98C2DFBEFCB005CE820 /* SearchHistoryView.swift */; };
		A279E9A02DFBEFCB005CE820 /* SearchListCell.swift in Sources */ = {isa = PBXBuildFile; fileRef = A279E98D2DFBEFCB005CE820 /* SearchListCell.swift */; };
		A279E9A12DFBEFCB005CE820 /* SearchListView.swift in Sources */ = {isa = PBXBuildFile; fileRef = A279E98E2DFBEFCB005CE820 /* SearchListView.swift */; };
		A279E9A22DFBEFCB005CE820 /* MainViewController.swift in Sources */ = {isa = PBXBuildFile; fileRef = A279E9902DFBEFCB005CE820 /* MainViewController.swift */; };
		A279E9A32DFBEFCB005CE820 /* SearchViewController.swift in Sources */ = {isa = PBXBuildFile; fileRef = A279E9912DFBEFCB005CE820 /* SearchViewController.swift */; };
		A279E9A42DFBEFCB005CE820 /* WebViewController.swift in Sources */ = {isa = PBXBuildFile; fileRef = A279E9922DFBEFCB005CE820 /* WebViewController.swift */; };
		A279E9A52DFBEFCB005CE820 /* AppDelegate.swift in Sources */ = {isa = PBXBuildFile; fileRef = A279E9942DFBEFCB005CE820 /* AppDelegate.swift */; };
		A279E9A62DFBEFCB005CE820 /* SceneDelegate.swift in Sources */ = {isa = PBXBuildFile; fileRef = A279E9952DFBEFCB005CE820 /* SceneDelegate.swift */; };
		A279E9A72DFBEFCB005CE820 /* Assets.xcassets in Resources */ = {isa = PBXBuildFile; fileRef = A279E9832DFBEFCB005CE820 /* Assets.xcassets */; };
		A279E9A92DFBEFCB005CE820 /* LaunchScreen.storyboard in Resources */ = {isa = PBXBuildFile; fileRef = A279E9862DFBEFCB005CE820 /* LaunchScreen.storyboard */; };
		A279E9AA2DFBEFCB005CE820 /* Main.storyboard in Resources */ = {isa = PBXBuildFile; fileRef = A279E9882DFBEFCB005CE820 /* Main.storyboard */; };
/* End PBXBuildFile section */

/* Begin PBXFileReference section */
		A279E8E42DF6B007005CE820 /* Search0.app */ = {isa = PBXFileReference; explicitFileType = wrapper.application; includeInIndex = 0; path = Search0.app; sourceTree = BUILT_PRODUCTS_DIR; };
		A279E97B2DFBEFCB005CE820 /* API.swift */ = {isa = PBXFileReference; lastKnownFileType = sourcecode.swift; path = API.swift; sourceTree = "<group>"; };
		A279E97C2DFBEFCB005CE820 /* APIModelCodable.swift */ = {isa = PBXFileReference; lastKnownFileType = sourcecode.swift; path = APIModelCodable.swift; sourceTree = "<group>"; };
		A279E97D2DFBEFCB005CE820 /* Extensions.swift */ = {isa = PBXFileReference; lastKnownFileType = sourcecode.swift; path = Extensions.swift; sourceTree = "<group>"; };
		A279E97E2DFBEFCB005CE820 /* SqliteMgr.swift */ = {isa = PBXFileReference; lastKnownFileType = sourcecode.swift; path = SqliteMgr.swift; sourceTree = "<group>"; };
		A279E9802DFBEFCB005CE820 /* Repositories.swift */ = {isa = PBXFileReference; lastKnownFileType = sourcecode.swift; path = Repositories.swift; sourceTree = "<group>"; };
		A279E9812DFBEFCB005CE820 /* SearchHistory.swift */ = {isa = PBXFileReference; lastKnownFileType = sourcecode.swift; path = SearchHistory.swift; sourceTree = "<group>"; };
		A279E9832DFBEFCB005CE820 /* Assets.xcassets */ = {isa = PBXFileReference; lastKnownFileType = folder.assetcatalog; path = Assets.xcassets; sourceTree = "<group>"; };
		A279E9842DFBEFCB005CE820 /* Info.plist */ = {isa = PBXFileReference; lastKnownFileType = text.plist.xml; path = Info.plist; sourceTree = "<group>"; };
		A279E9852DFBEFCB005CE820 /* Base */ = {isa = PBXFileReference; lastKnownFileType = file.storyboard; name = Base; path = Base.lproj/LaunchScreen.storyboard; sourceTree = "<group>"; };
		A279E9872DFBEFCB005CE820 /* Base */ = {isa = PBXFileReference; lastKnownFileType = file.storyboard; name = Base; path = Base.lproj/Main.storyboard; sourceTree = "<group>"; };
		A279E98A2DFBEFCB005CE820 /* AutoCompleteCell.swift */ = {isa = PBXFileReference; lastKnownFileType = sourcecode.swift; path = AutoCompleteCell.swift; sourceTree = "<group>"; };
		A279E98B2DFBEFCB005CE820 /* SearchHistoryCell.swift */ = {isa = PBXFileReference; lastKnownFileType = sourcecode.swift; path = SearchHistoryCell.swift; sourceTree = "<group>"; };
		A279E98C2DFBEFCB005CE820 /* SearchHistoryView.swift */ = {isa = PBXFileReference; lastKnownFileType = sourcecode.swift; path = SearchHistoryView.swift; sourceTree = "<group>"; };
		A279E98D2DFBEFCB005CE820 /* SearchListCell.swift */ = {isa = PBXFileReference; lastKnownFileType = sourcecode.swift; path = SearchListCell.swift; sourceTree = "<group>"; };
		A279E98E2DFBEFCB005CE820 /* SearchListView.swift */ = {isa = PBXFileReference; lastKnownFileType = sourcecode.swift; path = SearchListView.swift; sourceTree = "<group>"; };
		A279E9902DFBEFCB005CE820 /* MainViewController.swift */ = {isa = PBXFileReference; lastKnownFileType = sourcecode.swift; path = MainViewController.swift; sourceTree = "<group>"; };
		A279E9912DFBEFCB005CE820 /* SearchViewController.swift */ = {isa = PBXFileReference; lastKnownFileType = sourcecode.swift; path = SearchViewController.swift; sourceTree = "<group>"; };
		A279E9922DFBEFCB005CE820 /* WebViewController.swift */ = {isa = PBXFileReference; lastKnownFileType = sourcecode.swift; path = WebViewController.swift; sourceTree = "<group>"; };
		A279E9942DFBEFCB005CE820 /* AppDelegate.swift */ = {isa = PBXFileReference; lastKnownFileType = sourcecode.swift; path = AppDelegate.swift; sourceTree = "<group>"; };
		A279E9952DFBEFCB005CE820 /* SceneDelegate.swift */ = {isa = PBXFileReference; lastKnownFileType = sourcecode.swift; path = SceneDelegate.swift; sourceTree = "<group>"; };
/* End PBXFileReference section */

/* Begin PBXFrameworksBuildPhase section */
		A279E8E12DF6B007005CE820 /* Frameworks */ = {
			isa = PBXFrameworksBuildPhase;
			buildActionMask = 2147483647;
			files = (
				A279E9732DF9550D005CE820 /* SDWebImage in Frameworks */,
				A279E9232DF6B191005CE820 /* SnapKit in Frameworks */,
			);
			runOnlyForDeploymentPostprocessing = 0;
		};
/* End PBXFrameworksBuildPhase section */

/* Begin PBXGroup section */
		A279E8DB2DF6B007005CE820 = {
			isa = PBXGroup;
			children = (
				A279E9962DFBEFCB005CE820 /* Search0 */,
				A279E8E52DF6B007005CE820 /* Products */,
			);
			sourceTree = "<group>";
		};
		A279E8E52DF6B007005CE820 /* Products */ = {
			isa = PBXGroup;
			children = (
				A279E8E42DF6B007005CE820 /* Search0.app */,
			);
			name = Products;
			sourceTree = "<group>";
		};
		A279E97F2DFBEFCB005CE820 /* Libs */ = {
			isa = PBXGroup;
			children = (
				A279E97B2DFBEFCB005CE820 /* API.swift */,
				A279E97C2DFBEFCB005CE820 /* APIModelCodable.swift */,
				A279E97D2DFBEFCB005CE820 /* Extensions.swift */,
				A279E97E2DFBEFCB005CE820 /* SqliteMgr.swift */,
			);
			path = Libs;
			sourceTree = "<group>";
		};
		A279E9822DFBEFCB005CE820 /* Models */ = {
			isa = PBXGroup;
			children = (
				A279E9802DFBEFCB005CE820 /* Repositories.swift */,
				A279E9812DFBEFCB005CE820 /* SearchHistory.swift */,
			);
			path = Models;
			sourceTree = "<group>";
		};
		A279E9892DFBEFCB005CE820 /* Support */ = {
			isa = PBXGroup;
			children = (
				A279E9832DFBEFCB005CE820 /* Assets.xcassets */,
				A279E9862DFBEFCB005CE820 /* LaunchScreen.storyboard */,
				A279E9882DFBEFCB005CE820 /* Main.storyboard */,
			);
			path = Support;
			sourceTree = "<group>";
		};
		A279E98F2DFBEFCB005CE820 /* Views */ = {
			isa = PBXGroup;
			children = (
				A279E98A2DFBEFCB005CE820 /* AutoCompleteCell.swift */,
				A279E98B2DFBEFCB005CE820 /* SearchHistoryCell.swift */,
				A279E98C2DFBEFCB005CE820 /* SearchHistoryView.swift */,
				A279E98D2DFBEFCB005CE820 /* SearchListCell.swift */,
				A279E98E2DFBEFCB005CE820 /* SearchListView.swift */,
			);
			path = Views;
			sourceTree = "<group>";
		};
		A279E9932DFBEFCB005CE820 /* ViewControllers */ = {
			isa = PBXGroup;
			children = (
				A279E98F2DFBEFCB005CE820 /* Views */,
				A279E9902DFBEFCB005CE820 /* MainViewController.swift */,
				A279E9912DFBEFCB005CE820 /* SearchViewController.swift */,
				A279E9922DFBEFCB005CE820 /* WebViewController.swift */,
			);
			path = ViewControllers;
			sourceTree = "<group>";
		};
		A279E9962DFBEFCB005CE820 /* Search0 */ = {
			isa = PBXGroup;
			children = (
				A279E97F2DFBEFCB005CE820 /* Libs */,
				A279E9822DFBEFCB005CE820 /* Models */,
				A279E9932DFBEFCB005CE820 /* ViewControllers */,
				A279E9892DFBEFCB005CE820 /* Support */,
				A279E9942DFBEFCB005CE820 /* AppDelegate.swift */,
				A279E9952DFBEFCB005CE820 /* SceneDelegate.swift */,
				A279E9842DFBEFCB005CE820 /* Info.plist */,
			);
			path = Search0;
			sourceTree = "<group>";
		};
/* End PBXGroup section */

/* Begin PBXNativeTarget section */
		A279E8E32DF6B007005CE820 /* Search0 */ = {
			isa = PBXNativeTarget;
			buildConfigurationList = A279E8F72DF6B009005CE820 /* Build configuration list for PBXNativeTarget "Search0" */;
			buildPhases = (
				A279E8E02DF6B007005CE820 /* Sources */,
				A279E8E12DF6B007005CE820 /* Frameworks */,
				A279E8E22DF6B007005CE820 /* Resources */,
			);
			buildRules = (
			);
			dependencies = (
			);
			name = Search0;
			packageProductDependencies = (
				A279E9222DF6B191005CE820 /* SnapKit */,
				A279E9722DF9550D005CE820 /* SDWebImage */,
			);
			productName = Search0;
			productReference = A279E8E42DF6B007005CE820 /* Search0.app */;
			productType = "com.apple.product-type.application";
		};
/* End PBXNativeTarget section */

/* Begin PBXProject section */
		A279E8DC2DF6B007005CE820 /* Project object */ = {
			isa = PBXProject;
			attributes = {
				BuildIndependentTargetsInParallel = 1;
				LastSwiftUpdateCheck = 1640;
				LastUpgradeCheck = 1640;
				TargetAttributes = {
					A279E8E32DF6B007005CE820 = {
						CreatedOnToolsVersion = 16.4;
					};
				};
			};
			buildConfigurationList = A279E8DF2DF6B007005CE820 /* Build configuration list for PBXProject "Search0" */;
			developmentRegion = en;
			hasScannedForEncodings = 0;
			knownRegions = (
				en,
				Base,
			);
			mainGroup = A279E8DB2DF6B007005CE820;
			minimizedProjectReferenceProxies = 1;
			packageReferences = (
				A279E9212DF6B191005CE820 /* XCRemoteSwiftPackageReference "SnapKit" */,
				A279E9712DF9550D005CE820 /* XCRemoteSwiftPackageReference "SDWebImage" */,
			);
			preferredProjectObjectVersion = 77;
			productRefGroup = A279E8E52DF6B007005CE820 /* Products */;
			projectDirPath = "";
			projectRoot = "";
			targets = (
				A279E8E32DF6B007005CE820 /* Search0 */,
			);
		};
/* End PBXProject section */

/* Begin PBXResourcesBuildPhase section */
		A279E8E22DF6B007005CE820 /* Resources */ = {
			isa = PBXResourcesBuildPhase;
			buildActionMask = 2147483647;
			files = (
				A279E9A72DFBEFCB005CE820 /* Assets.xcassets in Resources */,
				A279E9A92DFBEFCB005CE820 /* LaunchScreen.storyboard in Resources */,
				A279E9AA2DFBEFCB005CE820 /* Main.storyboard in Resources */,
			);
			runOnlyForDeploymentPostprocessing = 0;
		};
/* End PBXResourcesBuildPhase section */

/* Begin PBXSourcesBuildPhase section */
		A279E8E02DF6B007005CE820 /* Sources */ = {
			isa = PBXSourcesBuildPhase;
			buildActionMask = 2147483647;
			files = (
				A279E9972DFBEFCB005CE820 /* API.swift in Sources */,
				A279E9982DFBEFCB005CE820 /* APIModelCodable.swift in Sources */,
				A279E9992DFBEFCB005CE820 /* Extensions.swift in Sources */,
				A279E99A2DFBEFCB005CE820 /* SqliteMgr.swift in Sources */,
				A279E99B2DFBEFCB005CE820 /* Repositories.swift in Sources */,
				A279E99C2DFBEFCB005CE820 /* SearchHistory.swift in Sources */,
				A279E99D2DFBEFCB005CE820 /* AutoCompleteCell.swift in Sources */,
				A279E99E2DFBEFCB005CE820 /* SearchHistoryCell.swift in Sources */,
				A279E99F2DFBEFCB005CE820 /* SearchHistoryView.swift in Sources */,
				A279E9A02DFBEFCB005CE820 /* SearchListCell.swift in Sources */,
				A279E9A12DFBEFCB005CE820 /* SearchListView.swift in Sources */,
				A279E9A22DFBEFCB005CE820 /* MainViewController.swift in Sources */,
				A279E9A32DFBEFCB005CE820 /* SearchViewController.swift in Sources */,
				A279E9A42DFBEFCB005CE820 /* WebViewController.swift in Sources */,
				A279E9A52DFBEFCB005CE820 /* AppDelegate.swift in Sources */,
				A279E9A62DFBEFCB005CE820 /* SceneDelegate.swift in Sources */,
			);
			runOnlyForDeploymentPostprocessing = 0;
		};
/* End PBXSourcesBuildPhase section */

/* Begin PBXVariantGroup section */
		A279E9862DFBEFCB005CE820 /* LaunchScreen.storyboard */ = {
			isa = PBXVariantGroup;
			children = (
				A279E9852DFBEFCB005CE820 /* Base */,
			);
			name = LaunchScreen.storyboard;
			sourceTree = "<group>";
		};
		A279E9882DFBEFCB005CE820 /* Main.storyboard */ = {
			isa = PBXVariantGroup;
			children = (
				A279E9872DFBEFCB005CE820 /* Base */,
			);
			name = Main.storyboard;
			sourceTree = "<group>";
		};
/* End PBXVariantGroup section */

/* Begin XCBuildConfiguration section */
		A279E8F82DF6B009005CE820 /* Debug */ = {
			isa = XCBuildConfiguration;
			buildSettings = {
				ASSETCATALOG_COMPILER_APPICON_NAME = AppIcon;
				ASSETCATALOG_COMPILER_GLOBAL_ACCENT_COLOR_NAME = AccentColor;
				CODE_SIGN_STYLE = Automatic;
				CURRENT_PROJECT_VERSION = 1;
				DEVELOPMENT_TEAM = X5F2A94J2C;
				GENERATE_INFOPLIST_FILE = YES;
				INFOPLIST_FILE = Search0/Info.plist;
				INFOPLIST_KEY_UIApplicationSupportsIndirectInputEvents = YES;
				INFOPLIST_KEY_UILaunchStoryboardName = LaunchScreen;
				INFOPLIST_KEY_UIMainStoryboardFile = Main;
				INFOPLIST_KEY_UISupportedInterfaceOrientations_iPad = "UIInterfaceOrientationPortrait UIInterfaceOrientationPortraitUpsideDown UIInterfaceOrientationLandscapeLeft UIInterfaceOrientationLandscapeRight";
				INFOPLIST_KEY_UISupportedInterfaceOrientations_iPhone = "UIInterfaceOrientationPortrait UIInterfaceOrientationLandscapeLeft UIInterfaceOrientationLandscapeRight";
				IPHONEOS_DEPLOYMENT_TARGET = 18.0;
				LD_RUNPATH_SEARCH_PATHS = (
					"$(inherited)",
					"@executable_path/Frameworks",
				);
				MARKETING_VERSION = 1.0;
				PRODUCT_BUNDLE_IDENTIFIER = kr.shbaek.search0;
				PRODUCT_NAME = "$(TARGET_NAME)";
				SWIFT_EMIT_LOC_STRINGS = YES;
				SWIFT_VERSION = 5.0;
				TARGETED_DEVICE_FAMILY = "1,2";
			};
			name = Debug;
		};
		A279E8F92DF6B009005CE820 /* Release */ = {
			isa = XCBuildConfiguration;
			buildSettings = {
				ASSETCATALOG_COMPILER_APPICON_NAME = AppIcon;
				ASSETCATALOG_COMPILER_GLOBAL_ACCENT_COLOR_NAME = AccentColor;
				CODE_SIGN_STYLE = Automatic;
				CURRENT_PROJECT_VERSION = 1;
				DEVELOPMENT_TEAM = X5F2A94J2C;
				GENERATE_INFOPLIST_FILE = YES;
				INFOPLIST_FILE = Search0/Info.plist;
				INFOPLIST_KEY_UIApplicationSupportsIndirectInputEvents = YES;
				INFOPLIST_KEY_UILaunchStoryboardName = LaunchScreen;
				INFOPLIST_KEY_UIMainStoryboardFile = Main;
				INFOPLIST_KEY_UISupportedInterfaceOrientations_iPad = "UIInterfaceOrientationPortrait UIInterfaceOrientationPortraitUpsideDown UIInterfaceOrientationLandscapeLeft UIInterfaceOrientationLandscapeRight";
				INFOPLIST_KEY_UISupportedInterfaceOrientations_iPhone = "UIInterfaceOrientationPortrait UIInterfaceOrientationLandscapeLeft UIInterfaceOrientationLandscapeRight";
				IPHONEOS_DEPLOYMENT_TARGET = 18.0;
				LD_RUNPATH_SEARCH_PATHS = (
					"$(inherited)",
					"@executable_path/Frameworks",
				);
				MARKETING_VERSION = 1.0;
				PRODUCT_BUNDLE_IDENTIFIER = kr.shbaek.search0;
				PRODUCT_NAME = "$(TARGET_NAME)";
				SWIFT_EMIT_LOC_STRINGS = YES;
				SWIFT_VERSION = 5.0;
				TARGETED_DEVICE_FAMILY = "1,2";
			};
			name = Release;
		};
		A279E8FA2DF6B009005CE820 /* Debug */ = {
			isa = XCBuildConfiguration;
			buildSettings = {
				ALWAYS_SEARCH_USER_PATHS = NO;
				ASSETCATALOG_COMPILER_GENERATE_SWIFT_ASSET_SYMBOL_EXTENSIONS = YES;
				CLANG_ANALYZER_NONNULL = YES;
				CLANG_ANALYZER_NUMBER_OBJECT_CONVERSION = YES_AGGRESSIVE;
				CLANG_CXX_LANGUAGE_STANDARD = "gnu++20";
				CLANG_ENABLE_MODULES = YES;
				CLANG_ENABLE_OBJC_ARC = YES;
				CLANG_ENABLE_OBJC_WEAK = YES;
				CLANG_WARN_BLOCK_CAPTURE_AUTORELEASING = YES;
				CLANG_WARN_BOOL_CONVERSION = YES;
				CLANG_WARN_COMMA = YES;
				CLANG_WARN_CONSTANT_CONVERSION = YES;
				CLANG_WARN_DEPRECATED_OBJC_IMPLEMENTATIONS = YES;
				CLANG_WARN_DIRECT_OBJC_ISA_USAGE = YES_ERROR;
				CLANG_WARN_DOCUMENTATION_COMMENTS = YES;
				CLANG_WARN_EMPTY_BODY = YES;
				CLANG_WARN_ENUM_CONVERSION = YES;
				CLANG_WARN_INFINITE_RECURSION = YES;
				CLANG_WARN_INT_CONVERSION = YES;
				CLANG_WARN_NON_LITERAL_NULL_CONVERSION = YES;
				CLANG_WARN_OBJC_IMPLICIT_RETAIN_SELF = YES;
				CLANG_WARN_OBJC_LITERAL_CONVERSION = YES;
				CLANG_WARN_OBJC_ROOT_CLASS = YES_ERROR;
				CLANG_WARN_QUOTED_INCLUDE_IN_FRAMEWORK_HEADER = YES;
				CLANG_WARN_RANGE_LOOP_ANALYSIS = YES;
				CLANG_WARN_STRICT_PROTOTYPES = YES;
				CLANG_WARN_SUSPICIOUS_MOVE = YES;
				CLANG_WARN_UNGUARDED_AVAILABILITY = YES_AGGRESSIVE;
				CLANG_WARN_UNREACHABLE_CODE = YES;
				CLANG_WARN__DUPLICATE_METHOD_MATCH = YES;
				COPY_PHASE_STRIP = NO;
				DEBUG_INFORMATION_FORMAT = dwarf;
				ENABLE_STRICT_OBJC_MSGSEND = YES;
				ENABLE_TESTABILITY = YES;
				ENABLE_USER_SCRIPT_SANDBOXING = YES;
				GCC_C_LANGUAGE_STANDARD = gnu17;
				GCC_DYNAMIC_NO_PIC = NO;
				GCC_NO_COMMON_BLOCKS = YES;
				GCC_OPTIMIZATION_LEVEL = 0;
				GCC_PREPROCESSOR_DEFINITIONS = (
					"DEBUG=1",
					"$(inherited)",
				);
				GCC_WARN_64_TO_32_BIT_CONVERSION = YES;
				GCC_WARN_ABOUT_RETURN_TYPE = YES_ERROR;
				GCC_WARN_UNDECLARED_SELECTOR = YES;
				GCC_WARN_UNINITIALIZED_AUTOS = YES_AGGRESSIVE;
				GCC_WARN_UNUSED_FUNCTION = YES;
				GCC_WARN_UNUSED_VARIABLE = YES;
				IPHONEOS_DEPLOYMENT_TARGET = 18.5;
				LOCALIZATION_PREFERS_STRING_CATALOGS = YES;
				MTL_ENABLE_DEBUG_INFO = INCLUDE_SOURCE;
				MTL_FAST_MATH = YES;
				ONLY_ACTIVE_ARCH = YES;
				SDKROOT = iphoneos;
				SWIFT_ACTIVE_COMPILATION_CONDITIONS = "DEBUG $(inherited)";
				SWIFT_OPTIMIZATION_LEVEL = "-Onone";
			};
			name = Debug;
		};
		A279E8FB2DF6B009005CE820 /* Release */ = {
			isa = XCBuildConfiguration;
			buildSettings = {
				ALWAYS_SEARCH_USER_PATHS = NO;
				ASSETCATALOG_COMPILER_GENERATE_SWIFT_ASSET_SYMBOL_EXTENSIONS = YES;
				CLANG_ANALYZER_NONNULL = YES;
				CLANG_ANALYZER_NUMBER_OBJECT_CONVERSION = YES_AGGRESSIVE;
				CLANG_CXX_LANGUAGE_STANDARD = "gnu++20";
				CLANG_ENABLE_MODULES = YES;
				CLANG_ENABLE_OBJC_ARC = YES;
				CLANG_ENABLE_OBJC_WEAK = YES;
				CLANG_WARN_BLOCK_CAPTURE_AUTORELEASING = YES;
				CLANG_WARN_BOOL_CONVERSION = YES;
				CLANG_WARN_COMMA = YES;
				CLANG_WARN_CONSTANT_CONVERSION = YES;
				CLANG_WARN_DEPRECATED_OBJC_IMPLEMENTATIONS = YES;
				CLANG_WARN_DIRECT_OBJC_ISA_USAGE = YES_ERROR;
				CLANG_WARN_DOCUMENTATION_COMMENTS = YES;
				CLANG_WARN_EMPTY_BODY = YES;
				CLANG_WARN_ENUM_CONVERSION = YES;
				CLANG_WARN_INFINITE_RECURSION = YES;
				CLANG_WARN_INT_CONVERSION = YES;
				CLANG_WARN_NON_LITERAL_NULL_CONVERSION = YES;
				CLANG_WARN_OBJC_IMPLICIT_RETAIN_SELF = YES;
				CLANG_WARN_OBJC_LITERAL_CONVERSION = YES;
				CLANG_WARN_OBJC_ROOT_CLASS = YES_ERROR;
				CLANG_WARN_QUOTED_INCLUDE_IN_FRAMEWORK_HEADER = YES;
				CLANG_WARN_RANGE_LOOP_ANALYSIS = YES;
				CLANG_WARN_STRICT_PROTOTYPES = YES;
				CLANG_WARN_SUSPICIOUS_MOVE = YES;
				CLANG_WARN_UNGUARDED_AVAILABILITY = YES_AGGRESSIVE;
				CLANG_WARN_UNREACHABLE_CODE = YES;
				CLANG_WARN__DUPLICATE_METHOD_MATCH = YES;
				COPY_PHASE_STRIP = NO;
				DEBUG_INFORMATION_FORMAT = "dwarf-with-dsym";
				ENABLE_NS_ASSERTIONS = NO;
				ENABLE_STRICT_OBJC_MSGSEND = YES;
				ENABLE_USER_SCRIPT_SANDBOXING = YES;
				GCC_C_LANGUAGE_STANDARD = gnu17;
				GCC_NO_COMMON_BLOCKS = YES;
				GCC_WARN_64_TO_32_BIT_CONVERSION = YES;
				GCC_WARN_ABOUT_RETURN_TYPE = YES_ERROR;
				GCC_WARN_UNDECLARED_SELECTOR = YES;
				GCC_WARN_UNINITIALIZED_AUTOS = YES_AGGRESSIVE;
				GCC_WARN_UNUSED_FUNCTION = YES;
				GCC_WARN_UNUSED_VARIABLE = YES;
				IPHONEOS_DEPLOYMENT_TARGET = 18.5;
				LOCALIZATION_PREFERS_STRING_CATALOGS = YES;
				MTL_ENABLE_DEBUG_INFO = NO;
				MTL_FAST_MATH = YES;
				SDKROOT = iphoneos;
				SWIFT_COMPILATION_MODE = wholemodule;
				VALIDATE_PRODUCT = YES;
			};
			name = Release;
		};
/* End XCBuildConfiguration section */

/* Begin XCConfigurationList section */
		A279E8DF2DF6B007005CE820 /* Build configuration list for PBXProject "Search0" */ = {
			isa = XCConfigurationList;
			buildConfigurations = (
				A279E8FA2DF6B009005CE820 /* Debug */,
				A279E8FB2DF6B009005CE820 /* Release */,
			);
			defaultConfigurationIsVisible = 0;
			defaultConfigurationName = Release;
		};
		A279E8F72DF6B009005CE820 /* Build configuration list for PBXNativeTarget "Search0" */ = {
			isa = XCConfigurationList;
			buildConfigurations = (
				A279E8F82DF6B009005CE820 /* Debug */,
				A279E8F92DF6B009005CE820 /* Release */,
			);
			defaultConfigurationIsVisible = 0;
			defaultConfigurationName = Release;
		};
/* End XCConfigurationList section */

/* Begin XCRemoteSwiftPackageReference section */
		A279E9212DF6B191005CE820 /* XCRemoteSwiftPackageReference "SnapKit" */ = {
			isa = XCRemoteSwiftPackageReference;
			repositoryURL = "https://github.com/SnapKit/SnapKit.git";
			requirement = {
				kind = upToNextMajorVersion;
				minimumVersion = 5.7.1;
			};
		};
		A279E9712DF9550D005CE820 /* XCRemoteSwiftPackageReference "SDWebImage" */ = {
			isa = XCRemoteSwiftPackageReference;
			repositoryURL = "https://github.com/SDWebImage/SDWebImage.git";
			requirement = {
				kind = upToNextMajorVersion;
				minimumVersion = 5.21.1;
			};
		};
/* End XCRemoteSwiftPackageReference section */

/* Begin XCSwiftPackageProductDependency section */
		A279E9222DF6B191005CE820 /* SnapKit */ = {
			isa = XCSwiftPackageProductDependency;
			package = A279E9212DF6B191005CE820 /* XCRemoteSwiftPackageReference "SnapKit" */;
			productName = SnapKit;
		};
		A279E9722DF9550D005CE820 /* SDWebImage */ = {
			isa = XCSwiftPackageProductDependency;
			package = A279E9712DF9550D005CE820 /* XCRemoteSwiftPackageReference "SDWebImage" */;
			productName = SDWebImage;
		};
/* End XCSwiftPackageProductDependency section */
	};
	rootObject = A279E8DC2DF6B007005CE820 /* Project object */;
}
